
Microsoft Visual Studio Solution File, Format Version 12.00
# Visual Studio Version 16
VisualStudioVersion = 16.0.30611.23
MinimumVisualStudioVersion = 10.0.40219.1
Project("{9A19103F-16F7-4668-BE54-9A1E7A4F7556}") = "RabbitMQMail", "RabbitMQMail.csproj", "{4912B599-973A-4185-A5ED-4185E1F0EFD7}"
EndProject
Project("{FAE04EC0-301F-11D3-BF4B-00C04F79EFBC}") = "MailPublisher", "..\MailPublisher\MailPublisher.csproj", "{FA6E9CB4-C260-490A-8029-7460E20D5468}"
EndProject
Project("{FAE04EC0-301F-11D3-BF4B-00C04F79EFBC}") = "MailConsumer", "..\MailConsumer\MailConsumer.csproj", "{E546870F-2EA8-4553-8F86-7A8754FB0634}"
EndProject
Global
	GlobalSection(SolutionConfigurationPlatforms) = preSolution
		Debug|Any CPU = Debug|Any CPU
		Release|Any CPU = Release|Any CPU
	EndGlobalSection
	GlobalSection(ProjectConfigurationPlatforms) = postSolution
		{4912B599-973A-4185-A5ED-4185E1F0EFD7}.Debug|Any CPU.ActiveCfg = Debug|Any CPU
		{4912B599-973A-4185-A5ED-4185E1F0EFD7}.Debug|Any CPU.Build.0 = Debug|Any CPU
		{4912B599-973A-4185-A5ED-4185E1F0EFD7}.Release|Any CPU.ActiveCfg = Release|Any CPU
		{4912B599-973A-4185-A5ED-4185E1F0EFD7}.Release|Any CPU.Build.0 = Release|Any CPU
		{FA6E9CB4-C260-490A-8029-7460E20D5468}.Debug|Any CPU.ActiveCfg = Debug|Any CPU
		{FA6E9CB4-C260-490A-8029-7460E20D5468}.Debug|Any CPU.Build.0 = Debug|Any CPU
		{FA6E9CB4-C260-490A-8029-7460E20D5468}.Release|Any CPU.ActiveCfg = Release|Any CPU
		{FA6E9CB4-C260-490A-8029-7460E20D5468}.Release|Any CPU.Build.0 = Release|Any CPU
		{E546870F-2EA8-4553-8F86-7A8754FB0634}.Debug|Any CPU.ActiveCfg = Debug|Any CPU
		{E546870F-2EA8-4553-8F86-7A8754FB0634}.Debug|Any CPU.Build.0 = Debug|Any CPU
		{E546870F-2EA8-4553-8F86-7A8754FB0634}.Release|Any CPU.ActiveCfg = Release|Any CPU
		{E546870F-2EA8-4553-8F86-7A8754FB0634}.Release|Any CPU.Build.0 = Release|Any CPU
	EndGlobalSection
	GlobalSection(SolutionProperties) = preSolution
		HideSolutionNode = FALSE
	EndGlobalSection
	GlobalSection(ExtensibilityGlobals) = postSolution
		SolutionGuid = {E8860D7A-8F03-4415-A13F-B05F55889431}
	EndGlobalSection
EndGlobal
